
Microsoft Visual Studio Solution File, Format Version 12.00
# Visual Studio Version 16
VisualStudioVersion = 16.0.31402.337
MinimumVisualStudioVersion = 10.0.40219.1
Project("{FAE04EC0-301F-11D3-BF4B-00C04F79EFBC}") = "TelaDeLoginESenha", "TelaDeLoginESenha\TelaDeLoginESenha.csproj", "{F484A0BC-EE5F-4C0C-95BE-4CAC32879187}"
EndProject
Global
	GlobalSection(SolutionConfigurationPlatforms) = preSolution
		Debug|Any CPU = Debug|Any CPU
		Release|Any CPU = Release|Any CPU
	EndGlobalSection
	GlobalSection(ProjectConfigurationPlatforms) = postSolution
		{F484A0BC-EE5F-4C0C-95BE-4CAC32879187}.Debug|Any CPU.ActiveCfg = Debug|Any CPU
		{F484A0BC-EE5F-4C0C-95BE-4CAC32879187}.Debug|Any CPU.Build.0 = Debug|Any CPU
		{F484A0BC-EE5F-4C0C-95BE-4CAC32879187}.Release|Any CPU.ActiveCfg = Release|Any CPU
		{F484A0BC-EE5F-4C0C-95BE-4CAC32879187}.Release|Any CPU.Build.0 = Release|Any CPU
	EndGlobalSection
	GlobalSection(SolutionProperties) = preSolution
		HideSolutionNode = FALSE
	EndGlobalSection
	GlobalSection(ExtensibilityGlobals) = postSolution
		SolutionGuid = {170EDF16-C41D-44AD-8AE3-2C33BFBBC809}
	EndGlobalSection
EndGlobal
