
Microsoft Visual Studio Solution File, Format Version 12.00
# Visual Studio Version 16
VisualStudioVersion = 16.0.31402.337
MinimumVisualStudioVersion = 10.0.40219.1
Project("{FAE04EC0-301F-11D3-BF4B-00C04F79EFBC}") = "TestesDeControles", "TestesDeControles\TestesDeControles.csproj", "{04E01945-6C9D-4666-AD7C-551073C4CBB0}"
EndProject
Global
	GlobalSection(SolutionConfigurationPlatforms) = preSolution
		Debug|Any CPU = Debug|Any CPU
		Release|Any CPU = Release|Any CPU
	EndGlobalSection
	GlobalSection(ProjectConfigurationPlatforms) = postSolution
		{04E01945-6C9D-4666-AD7C-551073C4CBB0}.Debug|Any CPU.ActiveCfg = Debug|Any CPU
		{04E01945-6C9D-4666-AD7C-551073C4CBB0}.Debug|Any CPU.Build.0 = Debug|Any CPU
		{04E01945-6C9D-4666-AD7C-551073C4CBB0}.Release|Any CPU.ActiveCfg = Release|Any CPU
		{04E01945-6C9D-4666-AD7C-551073C4CBB0}.Release|Any CPU.Build.0 = Release|Any CPU
	EndGlobalSection
	GlobalSection(SolutionProperties) = preSolution
		HideSolutionNode = FALSE
	EndGlobalSection
	GlobalSection(ExtensibilityGlobals) = postSolution
		SolutionGuid = {B31FAE22-32F8-449D-8288-8F6BE2C71FE1}
	EndGlobalSection
EndGlobal
